
Microsoft Visual Studio Solution File, Format Version 12.00
# Visual Studio Version 17
VisualStudioVersion = 17.6.33829.357
MinimumVisualStudioVersion = 10.0.40219.1
Project("{FAE04EC0-301F-11D3-BF4B-00C04F79EFBC}") = "hw09", "hw09.csproj", "{9F6BBB46-7791-41A2-9ED9-D93A3D466BEE}"
EndProject
Global
	GlobalSection(SolutionConfigurationPlatforms) = preSolution
		Debug|Any CPU = Debug|Any CPU
		Release|Any CPU = Release|Any CPU
	EndGlobalSection
	GlobalSection(ProjectConfigurationPlatforms) = postSolution
		{9F6BBB46-7791-41A2-9ED9-D93A3D466BEE}.Debug|Any CPU.ActiveCfg = Debug|Any CPU
		{9F6BBB46-7791-41A2-9ED9-D93A3D466BEE}.Debug|Any CPU.Build.0 = Debug|Any CPU
		{9F6BBB46-7791-41A2-9ED9-D93A3D466BEE}.Release|Any CPU.ActiveCfg = Release|Any CPU
		{9F6BBB46-7791-41A2-9ED9-D93A3D466BEE}.Release|Any CPU.Build.0 = Release|Any CPU
	EndGlobalSection
	GlobalSection(SolutionProperties) = preSolution
		HideSolutionNode = FALSE
	EndGlobalSection
	GlobalSection(ExtensibilityGlobals) = postSolution
		SolutionGuid = {2949FD73-94CC-45E3-A8D2-54EFDE306642}
	EndGlobalSection
EndGlobal
