
Microsoft Visual Studio Solution File, Format Version 12.00
# Visual Studio Version 17
VisualStudioVersion = 17.3.32929.385
MinimumVisualStudioVersion = 10.0.40219.1
Project("{FAE04EC0-301F-11D3-BF4B-00C04F79EFBC}") = "hw06", "hw06.csproj", "{4A0BB704-FAA2-40F2-9243-01386885DF5A}"
EndProject
Global
	GlobalSection(SolutionConfigurationPlatforms) = preSolution
		Debug|Any CPU = Debug|Any CPU
		Release|Any CPU = Release|Any CPU
	EndGlobalSection
	GlobalSection(ProjectConfigurationPlatforms) = postSolution
		{4A0BB704-FAA2-40F2-9243-01386885DF5A}.Debug|Any CPU.ActiveCfg = Debug|Any CPU
		{4A0BB704-FAA2-40F2-9243-01386885DF5A}.Debug|Any CPU.Build.0 = Debug|Any CPU
		{4A0BB704-FAA2-40F2-9243-01386885DF5A}.Release|Any CPU.ActiveCfg = Release|Any CPU
		{4A0BB704-FAA2-40F2-9243-01386885DF5A}.Release|Any CPU.Build.0 = Release|Any CPU
	EndGlobalSection
	GlobalSection(SolutionProperties) = preSolution
		HideSolutionNode = FALSE
	EndGlobalSection
	GlobalSection(ExtensibilityGlobals) = postSolution
		SolutionGuid = {4D57B0DE-5A16-4BE3-BEBF-E7A393B83458}
	EndGlobalSection
EndGlobal
